
Microsoft Visual Studio Solution File, Format Version 12.00
# Visual Studio Version 17
VisualStudioVersion = 17.8.34316.72
MinimumVisualStudioVersion = 10.0.40219.1
Project("{FAE04EC0-301F-11D3-BF4B-00C04F79EFBC}") = "SantaNaughtyNiceUI", "SantaNaughtyNiceUI\SantaNaughtyNiceUI.csproj", "{971000C0-B1E0-49F7-B0D6-EB02C52BE4F8}"
EndProject
Project("{FAE04EC0-301F-11D3-BF4B-00C04F79EFBC}") = "SantaNaughtyNiceData", "SantaNaughtyNiceData\SantaNaughtyNiceData.csproj", "{8C536931-4533-4495-AC2B-54B37B731519}"
EndProject
Global
	GlobalSection(SolutionConfigurationPlatforms) = preSolution
		Debug|Any CPU = Debug|Any CPU
		Release|Any CPU = Release|Any CPU
	EndGlobalSection
	GlobalSection(ProjectConfigurationPlatforms) = postSolution
		{971000C0-B1E0-49F7-B0D6-EB02C52BE4F8}.Debug|Any CPU.ActiveCfg = Debug|Any CPU
		{971000C0-B1E0-49F7-B0D6-EB02C52BE4F8}.Debug|Any CPU.Build.0 = Debug|Any CPU
		{971000C0-B1E0-49F7-B0D6-EB02C52BE4F8}.Release|Any CPU.ActiveCfg = Release|Any CPU
		{971000C0-B1E0-49F7-B0D6-EB02C52BE4F8}.Release|Any CPU.Build.0 = Release|Any CPU
		{8C536931-4533-4495-AC2B-54B37B731519}.Debug|Any CPU.ActiveCfg = Debug|Any CPU
		{8C536931-4533-4495-AC2B-54B37B731519}.Debug|Any CPU.Build.0 = Debug|Any CPU
		{8C536931-4533-4495-AC2B-54B37B731519}.Release|Any CPU.ActiveCfg = Release|Any CPU
		{8C536931-4533-4495-AC2B-54B37B731519}.Release|Any CPU.Build.0 = Release|Any CPU
	EndGlobalSection
	GlobalSection(SolutionProperties) = preSolution
		HideSolutionNode = FALSE
	EndGlobalSection
	GlobalSection(ExtensibilityGlobals) = postSolution
		SolutionGuid = {CA436CD5-8662-44F9-B2D5-879798E0464A}
	EndGlobalSection
EndGlobal
